
Microsoft Visual Studio Solution File, Format Version 12.00
# Visual Studio Version 17
VisualStudioVersion = 17.11.35327.3
MinimumVisualStudioVersion = 10.0.40219.1
Project("{9A19103F-16F7-4668-BE54-9A1E7A4F7556}") = "API", "API\API.csproj", "{CC9A726B-9851-4923-B249-A178EE0A6D26}"
EndProject
Project("{9A19103F-16F7-4668-BE54-9A1E7A4F7556}") = "Application", "Application\Application.csproj", "{103B9BFD-6E35-49B6-A6CF-4BC21016BC2B}"
EndProject
Project("{9A19103F-16F7-4668-BE54-9A1E7A4F7556}") = "Contracts", "Contracts\Contracts.csproj", "{26DF1EA3-7972-450F-A0C3-C16CE05F9A1B}"
EndProject
Project("{9A19103F-16F7-4668-BE54-9A1E7A4F7556}") = "API.Identity", "API.Identity\API.Identity.csproj", "{708C82BC-F9B4-46F8-99FF-B929C28986E2}"
EndProject
Project("{FAE04EC0-301F-11D3-BF4B-00C04F79EFBC}") = "API.Sdk", "API.Sdk\API.Sdk.csproj", "{93E70B9F-033E-4167-8A71-6903AB52FF23}"
EndProject
Project("{FAE04EC0-301F-11D3-BF4B-00C04F79EFBC}") = "Api.Sdk.Consumer", "Api.Sdk.Consumer\Api.Sdk.Consumer.csproj", "{CF93BAD4-1C8F-4413-911C-4A12E26493E0}"
EndProject
Project("{FAE04EC0-301F-11D3-BF4B-00C04F79EFBC}") = "API.MinimalApi", "API.MinimalApi\API.MinimalApi.csproj", "{1F8995D8-E861-461B-83E9-0C1D8E6ED295}"
EndProject
Global
	GlobalSection(SolutionConfigurationPlatforms) = preSolution
		Debug|Any CPU = Debug|Any CPU
		Release|Any CPU = Release|Any CPU
	EndGlobalSection
	GlobalSection(ProjectConfigurationPlatforms) = postSolution
		{CC9A726B-9851-4923-B249-A178EE0A6D26}.Debug|Any CPU.ActiveCfg = Debug|Any CPU
		{CC9A726B-9851-4923-B249-A178EE0A6D26}.Debug|Any CPU.Build.0 = Debug|Any CPU
		{CC9A726B-9851-4923-B249-A178EE0A6D26}.Release|Any CPU.ActiveCfg = Release|Any CPU
		{CC9A726B-9851-4923-B249-A178EE0A6D26}.Release|Any CPU.Build.0 = Release|Any CPU
		{103B9BFD-6E35-49B6-A6CF-4BC21016BC2B}.Debug|Any CPU.ActiveCfg = Debug|Any CPU
		{103B9BFD-6E35-49B6-A6CF-4BC21016BC2B}.Debug|Any CPU.Build.0 = Debug|Any CPU
		{103B9BFD-6E35-49B6-A6CF-4BC21016BC2B}.Release|Any CPU.ActiveCfg = Release|Any CPU
		{103B9BFD-6E35-49B6-A6CF-4BC21016BC2B}.Release|Any CPU.Build.0 = Release|Any CPU
		{26DF1EA3-7972-450F-A0C3-C16CE05F9A1B}.Debug|Any CPU.ActiveCfg = Debug|Any CPU
		{26DF1EA3-7972-450F-A0C3-C16CE05F9A1B}.Debug|Any CPU.Build.0 = Debug|Any CPU
		{26DF1EA3-7972-450F-A0C3-C16CE05F9A1B}.Release|Any CPU.ActiveCfg = Release|Any CPU
		{26DF1EA3-7972-450F-A0C3-C16CE05F9A1B}.Release|Any CPU.Build.0 = Release|Any CPU
		{708C82BC-F9B4-46F8-99FF-B929C28986E2}.Debug|Any CPU.ActiveCfg = Debug|Any CPU
		{708C82BC-F9B4-46F8-99FF-B929C28986E2}.Debug|Any CPU.Build.0 = Debug|Any CPU
		{708C82BC-F9B4-46F8-99FF-B929C28986E2}.Release|Any CPU.ActiveCfg = Release|Any CPU
		{708C82BC-F9B4-46F8-99FF-B929C28986E2}.Release|Any CPU.Build.0 = Release|Any CPU
		{93E70B9F-033E-4167-8A71-6903AB52FF23}.Debug|Any CPU.ActiveCfg = Debug|Any CPU
		{93E70B9F-033E-4167-8A71-6903AB52FF23}.Debug|Any CPU.Build.0 = Debug|Any CPU
		{93E70B9F-033E-4167-8A71-6903AB52FF23}.Release|Any CPU.ActiveCfg = Release|Any CPU
		{93E70B9F-033E-4167-8A71-6903AB52FF23}.Release|Any CPU.Build.0 = Release|Any CPU
		{CF93BAD4-1C8F-4413-911C-4A12E26493E0}.Debug|Any CPU.ActiveCfg = Debug|Any CPU
		{CF93BAD4-1C8F-4413-911C-4A12E26493E0}.Debug|Any CPU.Build.0 = Debug|Any CPU
		{CF93BAD4-1C8F-4413-911C-4A12E26493E0}.Release|Any CPU.ActiveCfg = Release|Any CPU
		{CF93BAD4-1C8F-4413-911C-4A12E26493E0}.Release|Any CPU.Build.0 = Release|Any CPU
		{1F8995D8-E861-461B-83E9-0C1D8E6ED295}.Debug|Any CPU.ActiveCfg = Debug|Any CPU
		{1F8995D8-E861-461B-83E9-0C1D8E6ED295}.Debug|Any CPU.Build.0 = Debug|Any CPU
		{1F8995D8-E861-461B-83E9-0C1D8E6ED295}.Release|Any CPU.ActiveCfg = Release|Any CPU
		{1F8995D8-E861-461B-83E9-0C1D8E6ED295}.Release|Any CPU.Build.0 = Release|Any CPU
	EndGlobalSection
	GlobalSection(SolutionProperties) = preSolution
		HideSolutionNode = FALSE
	EndGlobalSection
	GlobalSection(ExtensibilityGlobals) = postSolution
		SolutionGuid = {E40849D2-34D0-43F2-BF8C-0B5334A7E822}
	EndGlobalSection
EndGlobal
